
Microsoft Visual Studio Solution File, Format Version 12.00
# Visual Studio Version 17
VisualStudioVersion = 17.1.32210.238
MinimumVisualStudioVersion = 10.0.40219.1
Project("{2150E333-8FDC-42A3-9474-1A3956D46DE8}") = "Core", "Core", "{C23DD79B-5400-4A2A-99D4-1CD4B91221D5}"
EndProject
Project("{2150E333-8FDC-42A3-9474-1A3956D46DE8}") = "Infrastructure", "Infrastructure", "{EF26B68F-85B0-4F46-8ED7-1DAD363150BE}"
EndProject
Project("{2150E333-8FDC-42A3-9474-1A3956D46DE8}") = "Presentation", "Presentation", "{1D0DD1F5-ADC4-40CE-806C-B9A06DE7603A}"
EndProject
Project("{2150E333-8FDC-42A3-9474-1A3956D46DE8}") = "Tests", "Tests", "{C95F170F-3B60-4015-A935-597D7B2C0AB6}"
EndProject
Project("{9A19103F-16F7-4668-BE54-9A1E7A4F7556}") = "Domain", "Domain\Domain.csproj", "{2563EAF5-35C5-4DA9-97EA-3BB38C57D969}"
EndProject
Project("{9A19103F-16F7-4668-BE54-9A1E7A4F7556}") = "Application", "Application\Application.csproj", "{33E84D61-BB05-4AC4-AEB8-1554EB8D00A1}"
EndProject
Project("{9A19103F-16F7-4668-BE54-9A1E7A4F7556}") = "Persistence", "Persistence\Persistence.csproj", "{57925B74-81D6-44DA-82DD-FFC8381DEFD7}"
EndProject
Project("{9A19103F-16F7-4668-BE54-9A1E7A4F7556}") = "WebAPI", "WebAPI\WebAPI.csproj", "{F77F3C69-33DC-4BF1-9104-9285612C86E2}"
EndProject
Project("{9A19103F-16F7-4668-BE54-9A1E7A4F7556}") = "Tests", "Tests\Tests.csproj", "{4FB029F9-F31E-406B-8A94-B183D8850888}"
EndProject
Project("{2150E333-8FDC-42A3-9474-1A3956D46DE8}") = "AppClient", "AppClient", "{3484C3BF-7CE1-4CCB-9DC9-A440CDCF95D8}"
EndProject
Project("{FAE04EC0-301F-11D3-BF4B-00C04F79EFBC}") = "AppClient", "AppClient\AppClient.csproj", "{2DDE5D98-0CF2-40AD-9B6C-AF5B2194C620}"
EndProject
Global
	GlobalSection(SolutionConfigurationPlatforms) = preSolution
		Debug|Any CPU = Debug|Any CPU
		Release|Any CPU = Release|Any CPU
	EndGlobalSection
	GlobalSection(ProjectConfigurationPlatforms) = postSolution
		{2563EAF5-35C5-4DA9-97EA-3BB38C57D969}.Debug|Any CPU.ActiveCfg = Debug|Any CPU
		{2563EAF5-35C5-4DA9-97EA-3BB38C57D969}.Debug|Any CPU.Build.0 = Debug|Any CPU
		{2563EAF5-35C5-4DA9-97EA-3BB38C57D969}.Release|Any CPU.ActiveCfg = Release|Any CPU
		{2563EAF5-35C5-4DA9-97EA-3BB38C57D969}.Release|Any CPU.Build.0 = Release|Any CPU
		{33E84D61-BB05-4AC4-AEB8-1554EB8D00A1}.Debug|Any CPU.ActiveCfg = Debug|Any CPU
		{33E84D61-BB05-4AC4-AEB8-1554EB8D00A1}.Debug|Any CPU.Build.0 = Debug|Any CPU
		{33E84D61-BB05-4AC4-AEB8-1554EB8D00A1}.Release|Any CPU.ActiveCfg = Release|Any CPU
		{33E84D61-BB05-4AC4-AEB8-1554EB8D00A1}.Release|Any CPU.Build.0 = Release|Any CPU
		{57925B74-81D6-44DA-82DD-FFC8381DEFD7}.Debug|Any CPU.ActiveCfg = Debug|Any CPU
		{57925B74-81D6-44DA-82DD-FFC8381DEFD7}.Debug|Any CPU.Build.0 = Debug|Any CPU
		{57925B74-81D6-44DA-82DD-FFC8381DEFD7}.Release|Any CPU.ActiveCfg = Release|Any CPU
		{57925B74-81D6-44DA-82DD-FFC8381DEFD7}.Release|Any CPU.Build.0 = Release|Any CPU
		{F77F3C69-33DC-4BF1-9104-9285612C86E2}.Debug|Any CPU.ActiveCfg = Debug|Any CPU
		{F77F3C69-33DC-4BF1-9104-9285612C86E2}.Debug|Any CPU.Build.0 = Debug|Any CPU
		{F77F3C69-33DC-4BF1-9104-9285612C86E2}.Release|Any CPU.ActiveCfg = Release|Any CPU
		{F77F3C69-33DC-4BF1-9104-9285612C86E2}.Release|Any CPU.Build.0 = Release|Any CPU
		{4FB029F9-F31E-406B-8A94-B183D8850888}.Debug|Any CPU.ActiveCfg = Debug|Any CPU
		{4FB029F9-F31E-406B-8A94-B183D8850888}.Debug|Any CPU.Build.0 = Debug|Any CPU
		{4FB029F9-F31E-406B-8A94-B183D8850888}.Release|Any CPU.ActiveCfg = Release|Any CPU
		{4FB029F9-F31E-406B-8A94-B183D8850888}.Release|Any CPU.Build.0 = Release|Any CPU
		{2DDE5D98-0CF2-40AD-9B6C-AF5B2194C620}.Debug|Any CPU.ActiveCfg = Debug|Any CPU
		{2DDE5D98-0CF2-40AD-9B6C-AF5B2194C620}.Debug|Any CPU.Build.0 = Debug|Any CPU
		{2DDE5D98-0CF2-40AD-9B6C-AF5B2194C620}.Release|Any CPU.ActiveCfg = Release|Any CPU
		{2DDE5D98-0CF2-40AD-9B6C-AF5B2194C620}.Release|Any CPU.Build.0 = Release|Any CPU
	EndGlobalSection
	GlobalSection(SolutionProperties) = preSolution
		HideSolutionNode = FALSE
	EndGlobalSection
	GlobalSection(NestedProjects) = preSolution
		{2563EAF5-35C5-4DA9-97EA-3BB38C57D969} = {C23DD79B-5400-4A2A-99D4-1CD4B91221D5}
		{33E84D61-BB05-4AC4-AEB8-1554EB8D00A1} = {C23DD79B-5400-4A2A-99D4-1CD4B91221D5}
		{57925B74-81D6-44DA-82DD-FFC8381DEFD7} = {EF26B68F-85B0-4F46-8ED7-1DAD363150BE}
		{F77F3C69-33DC-4BF1-9104-9285612C86E2} = {1D0DD1F5-ADC4-40CE-806C-B9A06DE7603A}
		{4FB029F9-F31E-406B-8A94-B183D8850888} = {C95F170F-3B60-4015-A935-597D7B2C0AB6}
		{2DDE5D98-0CF2-40AD-9B6C-AF5B2194C620} = {3484C3BF-7CE1-4CCB-9DC9-A440CDCF95D8}
	EndGlobalSection
	GlobalSection(ExtensibilityGlobals) = postSolution
		SolutionGuid = {6B86D4D0-3C1A-4BA1-A7CC-478C09483EE4}
	EndGlobalSection
EndGlobal
