
Microsoft Visual Studio Solution File, Format Version 12.00
# Visual Studio Version 17
VisualStudioVersion = 17.1.32210.238
MinimumVisualStudioVersion = 10.0.40219.1
Project("{9A19103F-16F7-4668-BE54-9A1E7A4F7556}") = "AppClient", "AppClient.csproj", "{755A0F33-5596-4830-A6DD-28F058179ED8}"
EndProject
Global
	GlobalSection(SolutionConfigurationPlatforms) = preSolution
		Debug|Any CPU = Debug|Any CPU
		Release|Any CPU = Release|Any CPU
	EndGlobalSection
	GlobalSection(ProjectConfigurationPlatforms) = postSolution
		{755A0F33-5596-4830-A6DD-28F058179ED8}.Debug|Any CPU.ActiveCfg = Debug|Any CPU
		{755A0F33-5596-4830-A6DD-28F058179ED8}.Debug|Any CPU.Build.0 = Debug|Any CPU
		{755A0F33-5596-4830-A6DD-28F058179ED8}.Release|Any CPU.ActiveCfg = Release|Any CPU
		{755A0F33-5596-4830-A6DD-28F058179ED8}.Release|Any CPU.Build.0 = Release|Any CPU
	EndGlobalSection
	GlobalSection(SolutionProperties) = preSolution
		HideSolutionNode = FALSE
	EndGlobalSection
	GlobalSection(ExtensibilityGlobals) = postSolution
		SolutionGuid = {34F83522-90F6-4714-B097-41261F721276}
	EndGlobalSection
EndGlobal
